
Microsoft Visual Studio Solution File, Format Version 12.00
# Visual Studio Version 17
VisualStudioVersion = 17.4.33403.182
MinimumVisualStudioVersion = 10.0.40219.1
Project("{FAE04EC0-301F-11D3-BF4B-00C04F79EFBC}") = "GitPruebas", "GitPruebas\GitPruebas.csproj", "{B1D1EBA6-7EB0-4084-9DB7-4FCAD6963E9F}"
EndProject
Global
	GlobalSection(SolutionConfigurationPlatforms) = preSolution
		Debug|Any CPU = Debug|Any CPU
		Release|Any CPU = Release|Any CPU
	EndGlobalSection
	GlobalSection(ProjectConfigurationPlatforms) = postSolution
		{B1D1EBA6-7EB0-4084-9DB7-4FCAD6963E9F}.Debug|Any CPU.ActiveCfg = Debug|Any CPU
		{B1D1EBA6-7EB0-4084-9DB7-4FCAD6963E9F}.Debug|Any CPU.Build.0 = Debug|Any CPU
		{B1D1EBA6-7EB0-4084-9DB7-4FCAD6963E9F}.Release|Any CPU.ActiveCfg = Release|Any CPU
		{B1D1EBA6-7EB0-4084-9DB7-4FCAD6963E9F}.Release|Any CPU.Build.0 = Release|Any CPU
	EndGlobalSection
	GlobalSection(SolutionProperties) = preSolution
		HideSolutionNode = FALSE
	EndGlobalSection
	GlobalSection(ExtensibilityGlobals) = postSolution
		SolutionGuid = {71ED3884-D9F5-41B9-9C07-974A6CE9CCF3}
	EndGlobalSection
EndGlobal
